
Microsoft Visual Studio Solution File, Format Version 12.00
# Visual Studio Version 16
VisualStudioVersion = 16.0.30413.136
MinimumVisualStudioVersion = 10.0.40219.1
Project("{9A19103F-16F7-4668-BE54-9A1E7A4F7556}") = "PQS.FSChalenge.Web", "PQS.FSChalenge.Web\PQS.FSChalenge.Web.csproj", "{BA051FEB-1857-4F19-8214-C8854DFF8E25}"
EndProject
Project("{FAE04EC0-301F-11D3-BF4B-00C04F79EFBC}") = "PQS.FSChallenge.Business", "PQS.FSChallenge.Business2\PQS.FSChallenge.Business.csproj", "{87136809-81F1-47E8-8D1B-7A5E68441AD0}"
EndProject
Global
	GlobalSection(SolutionConfigurationPlatforms) = preSolution
		Debug|Any CPU = Debug|Any CPU
		Release|Any CPU = Release|Any CPU
	EndGlobalSection
	GlobalSection(ProjectConfigurationPlatforms) = postSolution
		{BA051FEB-1857-4F19-8214-C8854DFF8E25}.Debug|Any CPU.ActiveCfg = Debug|Any CPU
		{BA051FEB-1857-4F19-8214-C8854DFF8E25}.Debug|Any CPU.Build.0 = Debug|Any CPU
		{BA051FEB-1857-4F19-8214-C8854DFF8E25}.Release|Any CPU.ActiveCfg = Release|Any CPU
		{BA051FEB-1857-4F19-8214-C8854DFF8E25}.Release|Any CPU.Build.0 = Release|Any CPU
		{87136809-81F1-47E8-8D1B-7A5E68441AD0}.Debug|Any CPU.ActiveCfg = Debug|Any CPU
		{87136809-81F1-47E8-8D1B-7A5E68441AD0}.Debug|Any CPU.Build.0 = Debug|Any CPU
		{87136809-81F1-47E8-8D1B-7A5E68441AD0}.Release|Any CPU.ActiveCfg = Release|Any CPU
		{87136809-81F1-47E8-8D1B-7A5E68441AD0}.Release|Any CPU.Build.0 = Release|Any CPU
	EndGlobalSection
	GlobalSection(SolutionProperties) = preSolution
		HideSolutionNode = FALSE
	EndGlobalSection
	GlobalSection(ExtensibilityGlobals) = postSolution
		SolutionGuid = {A2A31601-3CA7-46F7-84DB-AD7DF220EC05}
	EndGlobalSection
EndGlobal
